{
  "object": {
    "pins": [
      {
        "package": "Bits",
        "repositoryURL": "https://github.com/vapor/bits.git",
        "state": {
          "branch": null,
          "revision": "c32f5e6ae2007dccd21a92b7e33eba842dd80d2f",
          "version": "1.1.0"
        }
      },
      {
        "package": "COpenSSL",
        "repositoryURL": "https://github.com/PerfectlySoft/Perfect-COpenSSL.git",
        "state": {
          "branch": null,
          "revision": "6a2aafd5e233051deeaba27bdfe8c12d9fa88886",
          "version": "3.1.3"
        }
      },
      {
        "package": "CPostgreSQL",
        "repositoryURL": "https://github.com/vapor-community/cpostgresql.git",
        "state": {
          "branch": null,
          "revision": "33f0f94f023ab61ccd0ba2f076dd6a448be853e3",
          "version": "2.1.0"
        }
      },
      {
        "package": "CommandLine",
        "repositoryURL": "https://github.com/rc2server/CommandLine.git",
        "state": {
          "branch": "f15b41a",
          "revision": "f15b41a5f483a1573e032d924b12859fdbb45aa3",
          "version": null
        }
      },
      {
        "package": "Core",
        "repositoryURL": "https://github.com/vapor/core.git",
        "state": {
          "branch": null,
          "revision": "f9f3a585ab0ea5764b46d7a36d9c0d9d508b9c63",
          "version": "2.2.0"
        }
      },
      {
        "package": "Debugging",
        "repositoryURL": "https://github.com/vapor/debugging.git",
        "state": {
          "branch": null,
          "revision": "fc5a27d6eb236141dc24e5f14eedaa2e035ae7b3",
          "version": "1.1.1"
        }
      },
      {
        "package": "Freddy",
        "repositoryURL": "https://github.com/bignerdranch/Freddy.git",
        "state": {
          "branch": null,
          "revision": "daacb3c41e384bffff6e22b2f1f241d4e7ff3132",
          "version": "3.0.3"
        }
      },
      {
        "package": "MJLLogger",
        "repositoryURL": "https://github.com/mlilback/MJLLogger.git",
        "state": {
          "branch": "c79a790",
          "revision": "c79a7907800606697ee640ea21ad4b5b1003fb90",
          "version": null
        }
      },
      {
        "package": "Node",
        "repositoryURL": "https://github.com/vapor/node.git",
        "state": {
          "branch": null,
          "revision": "c4ff32f07657aec849677e5aecb657bb6c85098d",
          "version": "2.1.4"
        }
      },
      {
        "package": "PerfectCZlib",
        "repositoryURL": "https://github.com/PerfectlySoft/Perfect-CZlib-src.git",
        "state": {
          "branch": null,
          "revision": "b63e46909aad937c6434766f8f8c6720d8f3bd05",
          "version": "0.0.4"
        }
      },
      {
        "package": "PerfectCrypto",
        "repositoryURL": "https://github.com/PerfectlySoft/Perfect-Crypto.git",
        "state": {
          "branch": null,
          "revision": "ed9fb3b6cbfd189a64fa61d830643cc613d5ba61",
          "version": "3.0.6"
        }
      },
      {
        "package": "PerfectHTTP",
        "repositoryURL": "https://github.com/PerfectlySoft/Perfect-HTTP.git",
        "state": {
          "branch": null,
          "revision": "1800d923271679170f9beef030566c7290a2d170",
          "version": "3.0.12"
        }
      },
      {
        "package": "PerfectHTTPServer",
        "repositoryURL": "https://github.com/PerfectlySoft/Perfect-HTTPServer.git",
        "state": {
          "branch": null,
          "revision": "cb7ee648bf8f68a2d51fadbe6d7480f113f594be",
          "version": "3.0.7"
        }
      },
      {
        "package": "PerfectLib",
        "repositoryURL": "https://github.com/PerfectlySoft/PerfectLib.git",
        "state": {
          "branch": null,
          "revision": "0ab139ad6001ad4c3bb1b9714f11168a74af8e79",
          "version": "3.0.3"
        }
      },
      {
        "package": "PerfectNet",
        "repositoryURL": "https://github.com/PerfectlySoft/Perfect-Net.git",
        "state": {
          "branch": null,
          "revision": "5e137023e0373b3bdd46a5c80c3ec868fd1c383d",
          "version": "3.0.0"
        }
      },
      {
        "package": "PerfectThread",
        "repositoryURL": "https://github.com/PerfectlySoft/Perfect-Thread.git",
        "state": {
          "branch": null,
          "revision": "daaee602e68192cb4f845f07cfb7cb0f5aae6fae",
          "version": "3.0.3"
        }
      },
      {
        "package": "PerfectWebSockets",
        "repositoryURL": "https://github.com/PerfectlySoft/Perfect-WebSockets.git",
        "state": {
          "branch": null,
          "revision": "f8d5c6e0d7fb630b75fcf41de9545211fb699641",
          "version": "3.0.1"
        }
      },
      {
        "package": "PerfectZip",
        "repositoryURL": "https://github.com/PerfectlySoft/Perfect-Zip.git",
        "state": {
          "branch": null,
          "revision": "13cc4c99e20284a00795d81d3e92a99e6dbcdc69",
          "version": "3.0.2"
        }
      },
      {
        "package": "PostgreSQL",
        "repositoryURL": "https://github.com/mlilback/postgresql.git",
        "state": {
          "branch": "dae1219",
          "revision": "dae12196b76a86bae501d11b3941e5ee0f9dffd2",
          "version": null
        }
      },
      {
        "package": "Rc2Model",
        "repositoryURL": "https://github.com/rc2server/appModelSwift.git",
        "state": {
          "branch": null,
          "revision": "770717878aed9bcaa325fbd02ce43f293eee56a5",
          "version": "0.1.2"
        }
      },
      {
        "package": "Signals",
        "repositoryURL": "https://github.com/IBM-Swift/BlueSignals.git",
        "state": {
          "branch": null,
          "revision": "d00d066869deec7b42a2ac3bd93f8df6753cdd2d",
          "version": "0.9.52"
        }
      }
    ]
  },
  "version": 1
}
